
Microsoft Visual Studio Solution File, Format Version 12.00
# Visual Studio Version 17
VisualStudioVersion = 17.8.34511.84
MinimumVisualStudioVersion = 10.0.40219.1
Project("{FAE04EC0-301F-11D3-BF4B-00C04F79EFBC}") = "FileCopyService", "FileCopyService.csproj", "{1BED301A-79B5-4E18-B575-B8972697081F}"
EndProject
Global
	GlobalSection(SolutionConfigurationPlatforms) = preSolution
		Debug|Any CPU = Debug|Any CPU
		Release|Any CPU = Release|Any CPU
	EndGlobalSection
	GlobalSection(ProjectConfigurationPlatforms) = postSolution
		{1BED301A-79B5-4E18-B575-B8972697081F}.Debug|Any CPU.ActiveCfg = Debug|Any CPU
		{1BED301A-79B5-4E18-B575-B8972697081F}.Debug|Any CPU.Build.0 = Debug|Any CPU
		{1BED301A-79B5-4E18-B575-B8972697081F}.Release|Any CPU.ActiveCfg = Release|Any CPU
		{1BED301A-79B5-4E18-B575-B8972697081F}.Release|Any CPU.Build.0 = Release|Any CPU
	EndGlobalSection
	GlobalSection(SolutionProperties) = preSolution
		HideSolutionNode = FALSE
	EndGlobalSection
	GlobalSection(ExtensibilityGlobals) = postSolution
		SolutionGuid = {AA37416C-29F6-4674-BC4F-F6360192B0C5}
	EndGlobalSection
EndGlobal
